// !$*UTF8*$!
{
	archiveVersion = 1;
	classes = {
	};
	objectVersion = 55;
	objects = {

/* Begin PBXBuildFile section */
		A13D3C4328C8F49E00173303 /* HttpStatusCode.swift in Sources */ = {isa = PBXBuildFile; fileRef = A13D3C4228C8F49E00173303 /* HttpStatusCode.swift */; };
		A13D3C4728C8F58A00173303 /* Anime.swift in Sources */ = {isa = PBXBuildFile; fileRef = A13D3C4628C8F58A00173303 /* Anime.swift */; };
		A13D3C4928C8F62600173303 /* AnimeData.swift in Sources */ = {isa = PBXBuildFile; fileRef = A13D3C4828C8F62600173303 /* AnimeData.swift */; };
		A13D3C4B28C8F66F00173303 /* AttributesData.swift in Sources */ = {isa = PBXBuildFile; fileRef = A13D3C4A28C8F66F00173303 /* AttributesData.swift */; };
		A13D3C4D28C8F68A00173303 /* PosterImageData.swift in Sources */ = {isa = PBXBuildFile; fileRef = A13D3C4C28C8F68A00173303 /* PosterImageData.swift */; };
		A13D3C5128C9266800173303 /* BaseURL.swift in Sources */ = {isa = PBXBuildFile; fileRef = A13D3C5028C9266800173303 /* BaseURL.swift */; };
		A13D3C5628CA5BDA00173303 /* Endpoint.swift in Sources */ = {isa = PBXBuildFile; fileRef = A13D3C5528CA5BDA00173303 /* Endpoint.swift */; };
		A14C278428CE07D900896304 /* EpisodesData.swift in Sources */ = {isa = PBXBuildFile; fileRef = A14C278328CE07D900896304 /* EpisodesData.swift */; };
		A1A0882B28676F5F003295C7 /* AppDelegate.swift in Sources */ = {isa = PBXBuildFile; fileRef = A1A0882A28676F5F003295C7 /* AppDelegate.swift */; };
		A1A0882D28676F5F003295C7 /* SceneDelegate.swift in Sources */ = {isa = PBXBuildFile; fileRef = A1A0882C28676F5F003295C7 /* SceneDelegate.swift */; };
		A1A0882F28676F5F003295C7 /* AnimeViewController.swift in Sources */ = {isa = PBXBuildFile; fileRef = A1A0882E28676F5F003295C7 /* AnimeViewController.swift */; };
		A1A0883428676F62003295C7 /* Assets.xcassets in Resources */ = {isa = PBXBuildFile; fileRef = A1A0883328676F62003295C7 /* Assets.xcassets */; };
		A1A0883728676F62003295C7 /* LaunchScreen.storyboard in Resources */ = {isa = PBXBuildFile; fileRef = A1A0883528676F62003295C7 /* LaunchScreen.storyboard */; };
		A1A0884228676F62003295C7 /* AnimeDiveTests.swift in Sources */ = {isa = PBXBuildFile; fileRef = A1A0884128676F62003295C7 /* AnimeDiveTests.swift */; };
		A1A0884C28676F62003295C7 /* AnimeDiveUITests.swift in Sources */ = {isa = PBXBuildFile; fileRef = A1A0884B28676F62003295C7 /* AnimeDiveUITests.swift */; };
		A1A0884E28676F62003295C7 /* AnimeDiveUITestsLaunchTests.swift in Sources */ = {isa = PBXBuildFile; fileRef = A1A0884D28676F62003295C7 /* AnimeDiveUITestsLaunchTests.swift */; };
		A1A0885B28677303003295C7 /* AnimeViewModel.swift in Sources */ = {isa = PBXBuildFile; fileRef = A1A0885A28677303003295C7 /* AnimeViewModel.swift */; };
		A1A0885E28846075003295C7 /* Services.swift in Sources */ = {isa = PBXBuildFile; fileRef = A1A0885D28846075003295C7 /* Services.swift */; };
		A1D9FDCD28CCED1C0046E28D /* SingleAnime.swift in Sources */ = {isa = PBXBuildFile; fileRef = A1D9FDCC28CCED1C0046E28D /* SingleAnime.swift */; };
		A1D9FDCF28CCEDD70046E28D /* Episodes.swift in Sources */ = {isa = PBXBuildFile; fileRef = A1D9FDCE28CCEDD70046E28D /* Episodes.swift */; };
		A1D9FDD128CCEE010046E28D /* SingleEpisode.swift in Sources */ = {isa = PBXBuildFile; fileRef = A1D9FDD028CCEE010046E28D /* SingleEpisode.swift */; };
/* End PBXBuildFile section */

/* Begin PBXContainerItemProxy section */
		A1A0883E28676F62003295C7 /* PBXContainerItemProxy */ = {
			isa = PBXContainerItemProxy;
			containerPortal = A1A0881F28676F5F003295C7 /* Project object */;
			proxyType = 1;
			remoteGlobalIDString = A1A0882628676F5F003295C7;
			remoteInfo = AnimeDive;
		};
		A1A0884828676F62003295C7 /* PBXContainerItemProxy */ = {
			isa = PBXContainerItemProxy;
			containerPortal = A1A0881F28676F5F003295C7 /* Project object */;
			proxyType = 1;
			remoteGlobalIDString = A1A0882628676F5F003295C7;
			remoteInfo = AnimeDive;
		};
/* End PBXContainerItemProxy section */

/* Begin PBXFileReference section */
		A13D3C4228C8F49E00173303 /* HttpStatusCode.swift */ = {isa = PBXFileReference; lastKnownFileType = sourcecode.swift; path = HttpStatusCode.swift; sourceTree = "<group>"; };
		A13D3C4628C8F58A00173303 /* Anime.swift */ = {isa = PBXFileReference; lastKnownFileType = sourcecode.swift; path = Anime.swift; sourceTree = "<group>"; };
		A13D3C4828C8F62600173303 /* AnimeData.swift */ = {isa = PBXFileReference; lastKnownFileType = sourcecode.swift; path = AnimeData.swift; sourceTree = "<group>"; };
		A13D3C4A28C8F66F00173303 /* AttributesData.swift */ = {isa = PBXFileReference; lastKnownFileType = sourcecode.swift; path = AttributesData.swift; sourceTree = "<group>"; };
		A13D3C4C28C8F68A00173303 /* PosterImageData.swift */ = {isa = PBXFileReference; lastKnownFileType = sourcecode.swift; path = PosterImageData.swift; sourceTree = "<group>"; };
		A13D3C5028C9266800173303 /* BaseURL.swift */ = {isa = PBXFileReference; lastKnownFileType = sourcecode.swift; path = BaseURL.swift; sourceTree = "<group>"; };
		A13D3C5528CA5BDA00173303 /* Endpoint.swift */ = {isa = PBXFileReference; lastKnownFileType = sourcecode.swift; path = Endpoint.swift; sourceTree = "<group>"; };
		A14C278328CE07D900896304 /* EpisodesData.swift */ = {isa = PBXFileReference; lastKnownFileType = sourcecode.swift; path = EpisodesData.swift; sourceTree = "<group>"; };
		A1A0882728676F5F003295C7 /* AnimeDive.app */ = {isa = PBXFileReference; explicitFileType = wrapper.application; includeInIndex = 0; path = AnimeDive.app; sourceTree = BUILT_PRODUCTS_DIR; };
		A1A0882A28676F5F003295C7 /* AppDelegate.swift */ = {isa = PBXFileReference; lastKnownFileType = sourcecode.swift; path = AppDelegate.swift; sourceTree = "<group>"; };
		A1A0882C28676F5F003295C7 /* SceneDelegate.swift */ = {isa = PBXFileReference; lastKnownFileType = sourcecode.swift; path = SceneDelegate.swift; sourceTree = "<group>"; };
		A1A0882E28676F5F003295C7 /* AnimeViewController.swift */ = {isa = PBXFileReference; lastKnownFileType = sourcecode.swift; path = AnimeViewController.swift; sourceTree = "<group>"; };
		A1A0883328676F62003295C7 /* Assets.xcassets */ = {isa = PBXFileReference; lastKnownFileType = folder.assetcatalog; path = Assets.xcassets; sourceTree = "<group>"; };
		A1A0883628676F62003295C7 /* Base */ = {isa = PBXFileReference; lastKnownFileType = file.storyboard; name = Base; path = Base.lproj/LaunchScreen.storyboard; sourceTree = "<group>"; };
		A1A0883828676F62003295C7 /* Info.plist */ = {isa = PBXFileReference; lastKnownFileType = text.plist.xml; path = Info.plist; sourceTree = "<group>"; };
		A1A0883D28676F62003295C7 /* AnimeDiveTests.xctest */ = {isa = PBXFileReference; explicitFileType = wrapper.cfbundle; includeInIndex = 0; path = AnimeDiveTests.xctest; sourceTree = BUILT_PRODUCTS_DIR; };
		A1A0884128676F62003295C7 /* AnimeDiveTests.swift */ = {isa = PBXFileReference; lastKnownFileType = sourcecode.swift; path = AnimeDiveTests.swift; sourceTree = "<group>"; };
		A1A0884728676F62003295C7 /* AnimeDiveUITests.xctest */ = {isa = PBXFileReference; explicitFileType = wrapper.cfbundle; includeInIndex = 0; path = AnimeDiveUITests.xctest; sourceTree = BUILT_PRODUCTS_DIR; };
		A1A0884B28676F62003295C7 /* AnimeDiveUITests.swift */ = {isa = PBXFileReference; lastKnownFileType = sourcecode.swift; path = AnimeDiveUITests.swift; sourceTree = "<group>"; };
		A1A0884D28676F62003295C7 /* AnimeDiveUITestsLaunchTests.swift */ = {isa = PBXFileReference; lastKnownFileType = sourcecode.swift; path = AnimeDiveUITestsLaunchTests.swift; sourceTree = "<group>"; };
		A1A0885A28677303003295C7 /* AnimeViewModel.swift */ = {isa = PBXFileReference; lastKnownFileType = sourcecode.swift; path = AnimeViewModel.swift; sourceTree = "<group>"; };
		A1A0885D28846075003295C7 /* Services.swift */ = {isa = PBXFileReference; lastKnownFileType = sourcecode.swift; path = Services.swift; sourceTree = "<group>"; };
		A1D9FDCC28CCED1C0046E28D /* SingleAnime.swift */ = {isa = PBXFileReference; lastKnownFileType = sourcecode.swift; path = SingleAnime.swift; sourceTree = "<group>"; };
		A1D9FDCE28CCEDD70046E28D /* Episodes.swift */ = {isa = PBXFileReference; lastKnownFileType = sourcecode.swift; path = Episodes.swift; sourceTree = "<group>"; };
		A1D9FDD028CCEE010046E28D /* SingleEpisode.swift */ = {isa = PBXFileReference; lastKnownFileType = sourcecode.swift; path = SingleEpisode.swift; sourceTree = "<group>"; };
/* End PBXFileReference section */

/* Begin PBXFrameworksBuildPhase section */
		A1A0882428676F5F003295C7 /* Frameworks */ = {
			isa = PBXFrameworksBuildPhase;
			buildActionMask = 2147483647;
			files = (
			);
			runOnlyForDeploymentPostprocessing = 0;
		};
		A1A0883A28676F62003295C7 /* Frameworks */ = {
			isa = PBXFrameworksBuildPhase;
			buildActionMask = 2147483647;
			files = (
			);
			runOnlyForDeploymentPostprocessing = 0;
		};
		A1A0884428676F62003295C7 /* Frameworks */ = {
			isa = PBXFrameworksBuildPhase;
			buildActionMask = 2147483647;
			files = (
			);
			runOnlyForDeploymentPostprocessing = 0;
		};
/* End PBXFrameworksBuildPhase section */

/* Begin PBXGroup section */
		A13D3C3E28C8F3C800173303 /* Services */ = {
			isa = PBXGroup;
			children = (
				A1EA2B9428DA28BB00DA7F76 /* Entities */,
				A13D3C4F28C8F7E700173303 /* URL */,
				A13D3C4E28C8F7C700173303 /* GeneralService */,
			);
			path = Services;
			sourceTree = "<group>";
		};
		A13D3C4E28C8F7C700173303 /* GeneralService */ = {
			isa = PBXGroup;
			children = (
				A1A0885D28846075003295C7 /* Services.swift */,
			);
			path = GeneralService;
			sourceTree = "<group>";
		};
		A13D3C4F28C8F7E700173303 /* URL */ = {
			isa = PBXGroup;
			children = (
				A13D3C5028C9266800173303 /* BaseURL.swift */,
			);
			path = URL;
			sourceTree = "<group>";
		};
		A13D3C5228CA5AC400173303 /* Entities */ = {
			isa = PBXGroup;
			children = (
				A14C278328CE07D900896304 /* EpisodesData.swift */,
				A1D9FDD028CCEE010046E28D /* SingleEpisode.swift */,
				A1D9FDCE28CCEDD70046E28D /* Episodes.swift */,
				A13D3C4C28C8F68A00173303 /* PosterImageData.swift */,
				A13D3C4A28C8F66F00173303 /* AttributesData.swift */,
				A13D3C4828C8F62600173303 /* AnimeData.swift */,
				A1D9FDCC28CCED1C0046E28D /* SingleAnime.swift */,
				A13D3C4628C8F58A00173303 /* Anime.swift */,
				A13D3C5528CA5BDA00173303 /* Endpoint.swift */,
			);
			path = Entities;
			sourceTree = "<group>";
		};
		A13D3C5728CC8C1500173303 /* ModelView */ = {
			isa = PBXGroup;
			children = (
				A1A0885A28677303003295C7 /* AnimeViewModel.swift */,
			);
			path = ModelView;
			sourceTree = "<group>";
		};
		A13D3C5828CC8C2B00173303 /* ViewController */ = {
			isa = PBXGroup;
			children = (
				A1A0882E28676F5F003295C7 /* AnimeViewController.swift */,
			);
			path = ViewController;
			sourceTree = "<group>";
		};
		A1A0881E28676F5F003295C7 = {
			isa = PBXGroup;
			children = (
				A1A0882928676F5F003295C7 /* AnimeDive */,
				A1A0884028676F62003295C7 /* AnimeDiveTests */,
				A1A0884A28676F62003295C7 /* AnimeDiveUITests */,
				A1A0882828676F5F003295C7 /* Products */,
			);
			sourceTree = "<group>";
		};
		A1A0882828676F5F003295C7 /* Products */ = {
			isa = PBXGroup;
			children = (
				A1A0882728676F5F003295C7 /* AnimeDive.app */,
				A1A0883D28676F62003295C7 /* AnimeDiveTests.xctest */,
				A1A0884728676F62003295C7 /* AnimeDiveUITests.xctest */,
			);
			name = Products;
			sourceTree = "<group>";
		};
		A1A0882928676F5F003295C7 /* AnimeDive */ = {
			isa = PBXGroup;
			children = (
				A13D3C5228CA5AC400173303 /* Entities */,
				A13D3C5828CC8C2B00173303 /* ViewController */,
				A13D3C5728CC8C1500173303 /* ModelView */,
				A13D3C3E28C8F3C800173303 /* Services */,
				A1D9FDD428CCEE390046E28D /* Delegate */,
				A1A0883328676F62003295C7 /* Assets.xcassets */,
				A1A0883528676F62003295C7 /* LaunchScreen.storyboard */,
				A1A0883828676F62003295C7 /* Info.plist */,
			);
			path = AnimeDive;
			sourceTree = "<group>";
		};
		A1A0884028676F62003295C7 /* AnimeDiveTests */ = {
			isa = PBXGroup;
			children = (
				A1A0884128676F62003295C7 /* AnimeDiveTests.swift */,
			);
			path = AnimeDiveTests;
			sourceTree = "<group>";
		};
		A1A0884A28676F62003295C7 /* AnimeDiveUITests */ = {
			isa = PBXGroup;
			children = (
				A1A0884B28676F62003295C7 /* AnimeDiveUITests.swift */,
				A1A0884D28676F62003295C7 /* AnimeDiveUITestsLaunchTests.swift */,
			);
			path = AnimeDiveUITests;
			sourceTree = "<group>";
		};
		A1D9FDD428CCEE390046E28D /* Delegate */ = {
			isa = PBXGroup;
			children = (
				A1A0882C28676F5F003295C7 /* SceneDelegate.swift */,
				A1A0882A28676F5F003295C7 /* AppDelegate.swift */,
			);
			path = Delegate;
			sourceTree = "<group>";
		};
		A1EA2B9428DA28BB00DA7F76 /* Entities */ = {
			isa = PBXGroup;
			children = (
				A13D3C4228C8F49E00173303 /* HttpStatusCode.swift */,
			);
			path = Entities;
			sourceTree = "<group>";
		};
/* End PBXGroup section */

/* Begin PBXNativeTarget section */
		A1A0882628676F5F003295C7 /* AnimeDive */ = {
			isa = PBXNativeTarget;
			buildConfigurationList = A1A0885128676F62003295C7 /* Build configuration list for PBXNativeTarget "AnimeDive" */;
			buildPhases = (
				A1A0882328676F5F003295C7 /* Sources */,
				A1A0882428676F5F003295C7 /* Frameworks */,
				A1A0882528676F5F003295C7 /* Resources */,
			);
			buildRules = (
			);
			dependencies = (
			);
			name = AnimeDive;
			productName = AnimeDive;
			productReference = A1A0882728676F5F003295C7 /* AnimeDive.app */;
			productType = "com.apple.product-type.application";
		};
		A1A0883C28676F62003295C7 /* AnimeDiveTests */ = {
			isa = PBXNativeTarget;
			buildConfigurationList = A1A0885428676F62003295C7 /* Build configuration list for PBXNativeTarget "AnimeDiveTests" */;
			buildPhases = (
				A1A0883928676F62003295C7 /* Sources */,
				A1A0883A28676F62003295C7 /* Frameworks */,
				A1A0883B28676F62003295C7 /* Resources */,
			);
			buildRules = (
			);
			dependencies = (
				A1A0883F28676F62003295C7 /* PBXTargetDependency */,
			);
			name = AnimeDiveTests;
			productName = AnimeDiveTests;
			productReference = A1A0883D28676F62003295C7 /* AnimeDiveTests.xctest */;
			productType = "com.apple.product-type.bundle.unit-test";
		};
		A1A0884628676F62003295C7 /* AnimeDiveUITests */ = {
			isa = PBXNativeTarget;
			buildConfigurationList = A1A0885728676F62003295C7 /* Build configuration list for PBXNativeTarget "AnimeDiveUITests" */;
			buildPhases = (
				A1A0884328676F62003295C7 /* Sources */,
				A1A0884428676F62003295C7 /* Frameworks */,
				A1A0884528676F62003295C7 /* Resources */,
			);
			buildRules = (
			);
			dependencies = (
				A1A0884928676F62003295C7 /* PBXTargetDependency */,
			);
			name = AnimeDiveUITests;
			productName = AnimeDiveUITests;
			productReference = A1A0884728676F62003295C7 /* AnimeDiveUITests.xctest */;
			productType = "com.apple.product-type.bundle.ui-testing";
		};
/* End PBXNativeTarget section */

/* Begin PBXProject section */
		A1A0881F28676F5F003295C7 /* Project object */ = {
			isa = PBXProject;
			attributes = {
				BuildIndependentTargetsInParallel = 1;
				LastSwiftUpdateCheck = 1320;
				LastUpgradeCheck = 1320;
				TargetAttributes = {
					A1A0882628676F5F003295C7 = {
						CreatedOnToolsVersion = 13.2.1;
					};
					A1A0883C28676F62003295C7 = {
						CreatedOnToolsVersion = 13.2.1;
						TestTargetID = A1A0882628676F5F003295C7;
					};
					A1A0884628676F62003295C7 = {
						CreatedOnToolsVersion = 13.2.1;
						TestTargetID = A1A0882628676F5F003295C7;
					};
				};
			};
			buildConfigurationList = A1A0882228676F5F003295C7 /* Build configuration list for PBXProject "AnimeDive" */;
			compatibilityVersion = "Xcode 13.0";
			developmentRegion = en;
			hasScannedForEncodings = 0;
			knownRegions = (
				en,
				Base,
			);
			mainGroup = A1A0881E28676F5F003295C7;
			productRefGroup = A1A0882828676F5F003295C7 /* Products */;
			projectDirPath = "";
			projectRoot = "";
			targets = (
				A1A0882628676F5F003295C7 /* AnimeDive */,
				A1A0883C28676F62003295C7 /* AnimeDiveTests */,
				A1A0884628676F62003295C7 /* AnimeDiveUITests */,
			);
		};
/* End PBXProject section */

/* Begin PBXResourcesBuildPhase section */
		A1A0882528676F5F003295C7 /* Resources */ = {
			isa = PBXResourcesBuildPhase;
			buildActionMask = 2147483647;
			files = (
				A1A0883728676F62003295C7 /* LaunchScreen.storyboard in Resources */,
				A1A0883428676F62003295C7 /* Assets.xcassets in Resources */,
			);
			runOnlyForDeploymentPostprocessing = 0;
		};
		A1A0883B28676F62003295C7 /* Resources */ = {
			isa = PBXResourcesBuildPhase;
			buildActionMask = 2147483647;
			files = (
			);
			runOnlyForDeploymentPostprocessing = 0;
		};
		A1A0884528676F62003295C7 /* Resources */ = {
			isa = PBXResourcesBuildPhase;
			buildActionMask = 2147483647;
			files = (
			);
			runOnlyForDeploymentPostprocessing = 0;
		};
/* End PBXResourcesBuildPhase section */

/* Begin PBXSourcesBuildPhase section */
		A1A0882328676F5F003295C7 /* Sources */ = {
			isa = PBXSourcesBuildPhase;
			buildActionMask = 2147483647;
			files = (
				A13D3C5628CA5BDA00173303 /* Endpoint.swift in Sources */,
				A1D9FDD128CCEE010046E28D /* SingleEpisode.swift in Sources */,
				A1A0882F28676F5F003295C7 /* AnimeViewController.swift in Sources */,
				A13D3C5128C9266800173303 /* BaseURL.swift in Sources */,
				A14C278428CE07D900896304 /* EpisodesData.swift in Sources */,
				A13D3C4B28C8F66F00173303 /* AttributesData.swift in Sources */,
				A13D3C4D28C8F68A00173303 /* PosterImageData.swift in Sources */,
				A1D9FDCD28CCED1C0046E28D /* SingleAnime.swift in Sources */,
				A1A0882B28676F5F003295C7 /* AppDelegate.swift in Sources */,
				A1A0885E28846075003295C7 /* Services.swift in Sources */,
				A1A0885B28677303003295C7 /* AnimeViewModel.swift in Sources */,
				A1D9FDCF28CCEDD70046E28D /* Episodes.swift in Sources */,
				A1A0882D28676F5F003295C7 /* SceneDelegate.swift in Sources */,
				A13D3C4328C8F49E00173303 /* HttpStatusCode.swift in Sources */,
				A13D3C4728C8F58A00173303 /* Anime.swift in Sources */,
				A13D3C4928C8F62600173303 /* AnimeData.swift in Sources */,
			);
			runOnlyForDeploymentPostprocessing = 0;
		};
		A1A0883928676F62003295C7 /* Sources */ = {
			isa = PBXSourcesBuildPhase;
			buildActionMask = 2147483647;
			files = (
				A1A0884228676F62003295C7 /* AnimeDiveTests.swift in Sources */,
			);
			runOnlyForDeploymentPostprocessing = 0;
		};
		A1A0884328676F62003295C7 /* Sources */ = {
			isa = PBXSourcesBuildPhase;
			buildActionMask = 2147483647;
			files = (
				A1A0884C28676F62003295C7 /* AnimeDiveUITests.swift in Sources */,
				A1A0884E28676F62003295C7 /* AnimeDiveUITestsLaunchTests.swift in Sources */,
			);
			runOnlyForDeploymentPostprocessing = 0;
		};
/* End PBXSourcesBuildPhase section */

/* Begin PBXTargetDependency section */
		A1A0883F28676F62003295C7 /* PBXTargetDependency */ = {
			isa = PBXTargetDependency;
			target = A1A0882628676F5F003295C7 /* AnimeDive */;
			targetProxy = A1A0883E28676F62003295C7 /* PBXContainerItemProxy */;
		};
		A1A0884928676F62003295C7 /* PBXTargetDependency */ = {
			isa = PBXTargetDependency;
			target = A1A0882628676F5F003295C7 /* AnimeDive */;
			targetProxy = A1A0884828676F62003295C7 /* PBXContainerItemProxy */;
		};
/* End PBXTargetDependency section */

/* Begin PBXVariantGroup section */
		A1A0883528676F62003295C7 /* LaunchScreen.storyboard */ = {
			isa = PBXVariantGroup;
			children = (
				A1A0883628676F62003295C7 /* Base */,
			);
			name = LaunchScreen.storyboard;
			sourceTree = "<group>";
		};
/* End PBXVariantGroup section */

/* Begin XCBuildConfiguration section */
		A1A0884F28676F62003295C7 /* Debug */ = {
			isa = XCBuildConfiguration;
			buildSettings = {
				ALWAYS_SEARCH_USER_PATHS = NO;
				CLANG_ANALYZER_NONNULL = YES;
				CLANG_ANALYZER_NUMBER_OBJECT_CONVERSION = YES_AGGRESSIVE;
				CLANG_CXX_LANGUAGE_STANDARD = "gnu++17";
				CLANG_CXX_LIBRARY = "libc++";
				CLANG_ENABLE_MODULES = YES;
				CLANG_ENABLE_OBJC_ARC = YES;
				CLANG_ENABLE_OBJC_WEAK = YES;
				CLANG_WARN_BLOCK_CAPTURE_AUTORELEASING = YES;
				CLANG_WARN_BOOL_CONVERSION = YES;
				CLANG_WARN_COMMA = YES;
				CLANG_WARN_CONSTANT_CONVERSION = YES;
				CLANG_WARN_DEPRECATED_OBJC_IMPLEMENTATIONS = YES;
				CLANG_WARN_DIRECT_OBJC_ISA_USAGE = YES_ERROR;
				CLANG_WARN_DOCUMENTATION_COMMENTS = YES;
				CLANG_WARN_EMPTY_BODY = YES;
				CLANG_WARN_ENUM_CONVERSION = YES;
				CLANG_WARN_INFINITE_RECURSION = YES;
				CLANG_WARN_INT_CONVERSION = YES;
				CLANG_WARN_NON_LITERAL_NULL_CONVERSION = YES;
				CLANG_WARN_OBJC_IMPLICIT_RETAIN_SELF = YES;
				CLANG_WARN_OBJC_LITERAL_CONVERSION = YES;
				CLANG_WARN_OBJC_ROOT_CLASS = YES_ERROR;
				CLANG_WARN_QUOTED_INCLUDE_IN_FRAMEWORK_HEADER = YES;
				CLANG_WARN_RANGE_LOOP_ANALYSIS = YES;
				CLANG_WARN_STRICT_PROTOTYPES = YES;
				CLANG_WARN_SUSPICIOUS_MOVE = YES;
				CLANG_WARN_UNGUARDED_AVAILABILITY = YES_AGGRESSIVE;
				CLANG_WARN_UNREACHABLE_CODE = YES;
				CLANG_WARN__DUPLICATE_METHOD_MATCH = YES;
				COPY_PHASE_STRIP = NO;
				DEBUG_INFORMATION_FORMAT = dwarf;
				ENABLE_STRICT_OBJC_MSGSEND = YES;
				ENABLE_TESTABILITY = YES;
				GCC_C_LANGUAGE_STANDARD = gnu11;
				GCC_DYNAMIC_NO_PIC = NO;
				GCC_NO_COMMON_BLOCKS = YES;
				GCC_OPTIMIZATION_LEVEL = 0;
				GCC_PREPROCESSOR_DEFINITIONS = (
					"DEBUG=1",
					"$(inherited)",
				);
				GCC_WARN_64_TO_32_BIT_CONVERSION = YES;
				GCC_WARN_ABOUT_RETURN_TYPE = YES_ERROR;
				GCC_WARN_UNDECLARED_SELECTOR = YES;
				GCC_WARN_UNINITIALIZED_AUTOS = YES_AGGRESSIVE;
				GCC_WARN_UNUSED_FUNCTION = YES;
				GCC_WARN_UNUSED_VARIABLE = YES;
				IPHONEOS_DEPLOYMENT_TARGET = 15.2;
				MTL_ENABLE_DEBUG_INFO = INCLUDE_SOURCE;
				MTL_FAST_MATH = YES;
				ONLY_ACTIVE_ARCH = YES;
				SDKROOT = iphoneos;
				SWIFT_ACTIVE_COMPILATION_CONDITIONS = DEBUG;
				SWIFT_OPTIMIZATION_LEVEL = "-Onone";
			};
			name = Debug;
		};
		A1A0885028676F62003295C7 /* Release */ = {
			isa = XCBuildConfiguration;
			buildSettings = {
				ALWAYS_SEARCH_USER_PATHS = NO;
				CLANG_ANALYZER_NONNULL = YES;
				CLANG_ANALYZER_NUMBER_OBJECT_CONVERSION = YES_AGGRESSIVE;
				CLANG_CXX_LANGUAGE_STANDARD = "gnu++17";
				CLANG_CXX_LIBRARY = "libc++";
				CLANG_ENABLE_MODULES = YES;
				CLANG_ENABLE_OBJC_ARC = YES;
				CLANG_ENABLE_OBJC_WEAK = YES;
				CLANG_WARN_BLOCK_CAPTURE_AUTORELEASING = YES;
				CLANG_WARN_BOOL_CONVERSION = YES;
				CLANG_WARN_COMMA = YES;
				CLANG_WARN_CONSTANT_CONVERSION = YES;
				CLANG_WARN_DEPRECATED_OBJC_IMPLEMENTATIONS = YES;
				CLANG_WARN_DIRECT_OBJC_ISA_USAGE = YES_ERROR;
				CLANG_WARN_DOCUMENTATION_COMMENTS = YES;
				CLANG_WARN_EMPTY_BODY = YES;
				CLANG_WARN_ENUM_CONVERSION = YES;
				CLANG_WARN_INFINITE_RECURSION = YES;
				CLANG_WARN_INT_CONVERSION = YES;
				CLANG_WARN_NON_LITERAL_NULL_CONVERSION = YES;
				CLANG_WARN_OBJC_IMPLICIT_RETAIN_SELF = YES;
				CLANG_WARN_OBJC_LITERAL_CONVERSION = YES;
				CLANG_WARN_OBJC_ROOT_CLASS = YES_ERROR;
				CLANG_WARN_QUOTED_INCLUDE_IN_FRAMEWORK_HEADER = YES;
				CLANG_WARN_RANGE_LOOP_ANALYSIS = YES;
				CLANG_WARN_STRICT_PROTOTYPES = YES;
				CLANG_WARN_SUSPICIOUS_MOVE = YES;
				CLANG_WARN_UNGUARDED_AVAILABILITY = YES_AGGRESSIVE;
				CLANG_WARN_UNREACHABLE_CODE = YES;
				CLANG_WARN__DUPLICATE_METHOD_MATCH = YES;
				COPY_PHASE_STRIP = NO;
				DEBUG_INFORMATION_FORMAT = "dwarf-with-dsym";
				ENABLE_NS_ASSERTIONS = NO;
				ENABLE_STRICT_OBJC_MSGSEND = YES;
				GCC_C_LANGUAGE_STANDARD = gnu11;
				GCC_NO_COMMON_BLOCKS = YES;
				GCC_WARN_64_TO_32_BIT_CONVERSION = YES;
				GCC_WARN_ABOUT_RETURN_TYPE = YES_ERROR;
				GCC_WARN_UNDECLARED_SELECTOR = YES;
				GCC_WARN_UNINITIALIZED_AUTOS = YES_AGGRESSIVE;
				GCC_WARN_UNUSED_FUNCTION = YES;
				GCC_WARN_UNUSED_VARIABLE = YES;
				IPHONEOS_DEPLOYMENT_TARGET = 15.2;
				MTL_ENABLE_DEBUG_INFO = NO;
				MTL_FAST_MATH = YES;
				SDKROOT = iphoneos;
				SWIFT_COMPILATION_MODE = wholemodule;
				SWIFT_OPTIMIZATION_LEVEL = "-O";
				VALIDATE_PRODUCT = YES;
			};
			name = Release;
		};
		A1A0885228676F62003295C7 /* Debug */ = {
			isa = XCBuildConfiguration;
			buildSettings = {
				ASSETCATALOG_COMPILER_APPICON_NAME = AppIcon;
				ASSETCATALOG_COMPILER_GLOBAL_ACCENT_COLOR_NAME = AccentColor;
				CODE_SIGN_STYLE = Automatic;
				CURRENT_PROJECT_VERSION = 1;
				GENERATE_INFOPLIST_FILE = YES;
				INFOPLIST_FILE = AnimeDive/Info.plist;
				INFOPLIST_KEY_UIApplicationSupportsIndirectInputEvents = YES;
				INFOPLIST_KEY_UILaunchStoryboardName = LaunchScreen;
				INFOPLIST_KEY_UISupportedInterfaceOrientations_iPad = "UIInterfaceOrientationPortrait UIInterfaceOrientationPortraitUpsideDown UIInterfaceOrientationLandscapeLeft UIInterfaceOrientationLandscapeRight";
				INFOPLIST_KEY_UISupportedInterfaceOrientations_iPhone = "UIInterfaceOrientationPortrait UIInterfaceOrientationLandscapeLeft UIInterfaceOrientationLandscapeRight";
				LD_RUNPATH_SEARCH_PATHS = (
					"$(inherited)",
					"@executable_path/Frameworks",
				);
				MARKETING_VERSION = 1.0;
				PRODUCT_BUNDLE_IDENTIFIER = com.dom.AnimeDive;
				PRODUCT_NAME = "$(TARGET_NAME)";
				SWIFT_EMIT_LOC_STRINGS = YES;
				SWIFT_VERSION = 5.0;
				TARGETED_DEVICE_FAMILY = "1,2";
			};
			name = Debug;
		};
		A1A0885328676F62003295C7 /* Release */ = {
			isa = XCBuildConfiguration;
			buildSettings = {
				ASSETCATALOG_COMPILER_APPICON_NAME = AppIcon;
				ASSETCATALOG_COMPILER_GLOBAL_ACCENT_COLOR_NAME = AccentColor;
				CODE_SIGN_STYLE = Automatic;
				CURRENT_PROJECT_VERSION = 1;
				GENERATE_INFOPLIST_FILE = YES;
				INFOPLIST_FILE = AnimeDive/Info.plist;
				INFOPLIST_KEY_UIApplicationSupportsIndirectInputEvents = YES;
				INFOPLIST_KEY_UILaunchStoryboardName = LaunchScreen;
				INFOPLIST_KEY_UISupportedInterfaceOrientations_iPad = "UIInterfaceOrientationPortrait UIInterfaceOrientationPortraitUpsideDown UIInterfaceOrientationLandscapeLeft UIInterfaceOrientationLandscapeRight";
				INFOPLIST_KEY_UISupportedInterfaceOrientations_iPhone = "UIInterfaceOrientationPortrait UIInterfaceOrientationLandscapeLeft UIInterfaceOrientationLandscapeRight";
				LD_RUNPATH_SEARCH_PATHS = (
					"$(inherited)",
					"@executable_path/Frameworks",
				);
				MARKETING_VERSION = 1.0;
				PRODUCT_BUNDLE_IDENTIFIER = com.dom.AnimeDive;
				PRODUCT_NAME = "$(TARGET_NAME)";
				SWIFT_EMIT_LOC_STRINGS = YES;
				SWIFT_VERSION = 5.0;
				TARGETED_DEVICE_FAMILY = "1,2";
			};
			name = Release;
		};
		A1A0885528676F62003295C7 /* Debug */ = {
			isa = XCBuildConfiguration;
			buildSettings = {
				ALWAYS_EMBED_SWIFT_STANDARD_LIBRARIES = YES;
				BUNDLE_LOADER = "$(TEST_HOST)";
				CODE_SIGN_STYLE = Automatic;
				CURRENT_PROJECT_VERSION = 1;
				GENERATE_INFOPLIST_FILE = YES;
				IPHONEOS_DEPLOYMENT_TARGET = 15.2;
				MARKETING_VERSION = 1.0;
				PRODUCT_BUNDLE_IDENTIFIER = com.dom.AnimeDiveTests;
				PRODUCT_NAME = "$(TARGET_NAME)";
				SWIFT_EMIT_LOC_STRINGS = NO;
				SWIFT_VERSION = 5.0;
				TARGETED_DEVICE_FAMILY = "1,2";
				TEST_HOST = "$(BUILT_PRODUCTS_DIR)/AnimeDive.app/AnimeDive";
			};
			name = Debug;
		};
		A1A0885628676F62003295C7 /* Release */ = {
			isa = XCBuildConfiguration;
			buildSettings = {
				ALWAYS_EMBED_SWIFT_STANDARD_LIBRARIES = YES;
				BUNDLE_LOADER = "$(TEST_HOST)";
				CODE_SIGN_STYLE = Automatic;
				CURRENT_PROJECT_VERSION = 1;
				GENERATE_INFOPLIST_FILE = YES;
				IPHONEOS_DEPLOYMENT_TARGET = 15.2;
				MARKETING_VERSION = 1.0;
				PRODUCT_BUNDLE_IDENTIFIER = com.dom.AnimeDiveTests;
				PRODUCT_NAME = "$(TARGET_NAME)";
				SWIFT_EMIT_LOC_STRINGS = NO;
				SWIFT_VERSION = 5.0;
				TARGETED_DEVICE_FAMILY = "1,2";
				TEST_HOST = "$(BUILT_PRODUCTS_DIR)/AnimeDive.app/AnimeDive";
			};
			name = Release;
		};
		A1A0885828676F62003295C7 /* Debug */ = {
			isa = XCBuildConfiguration;
			buildSettings = {
				ALWAYS_EMBED_SWIFT_STANDARD_LIBRARIES = YES;
				CODE_SIGN_STYLE = Automatic;
				CURRENT_PROJECT_VERSION = 1;
				GENERATE_INFOPLIST_FILE = YES;
				MARKETING_VERSION = 1.0;
				PRODUCT_BUNDLE_IDENTIFIER = com.dom.AnimeDiveUITests;
				PRODUCT_NAME = "$(TARGET_NAME)";
				SWIFT_EMIT_LOC_STRINGS = NO;
				SWIFT_VERSION = 5.0;
				TARGETED_DEVICE_FAMILY = "1,2";
				TEST_TARGET_NAME = AnimeDive;
			};
			name = Debug;
		};
		A1A0885928676F62003295C7 /* Release */ = {
			isa = XCBuildConfiguration;
			buildSettings = {
				ALWAYS_EMBED_SWIFT_STANDARD_LIBRARIES = YES;
				CODE_SIGN_STYLE = Automatic;
				CURRENT_PROJECT_VERSION = 1;
				GENERATE_INFOPLIST_FILE = YES;
				MARKETING_VERSION = 1.0;
				PRODUCT_BUNDLE_IDENTIFIER = com.dom.AnimeDiveUITests;
				PRODUCT_NAME = "$(TARGET_NAME)";
				SWIFT_EMIT_LOC_STRINGS = NO;
				SWIFT_VERSION = 5.0;
				TARGETED_DEVICE_FAMILY = "1,2";
				TEST_TARGET_NAME = AnimeDive;
			};
			name = Release;
		};
/* End XCBuildConfiguration section */

/* Begin XCConfigurationList section */
		A1A0882228676F5F003295C7 /* Build configuration list for PBXProject "AnimeDive" */ = {
			isa = XCConfigurationList;
			buildConfigurations = (
				A1A0884F28676F62003295C7 /* Debug */,
				A1A0885028676F62003295C7 /* Release */,
			);
			defaultConfigurationIsVisible = 0;
			defaultConfigurationName = Release;
		};
		A1A0885128676F62003295C7 /* Build configuration list for PBXNativeTarget "AnimeDive" */ = {
			isa = XCConfigurationList;
			buildConfigurations = (
				A1A0885228676F62003295C7 /* Debug */,
				A1A0885328676F62003295C7 /* Release */,
			);
			defaultConfigurationIsVisible = 0;
			defaultConfigurationName = Release;
		};
		A1A0885428676F62003295C7 /* Build configuration list for PBXNativeTarget "AnimeDiveTests" */ = {
			isa = XCConfigurationList;
			buildConfigurations = (
				A1A0885528676F62003295C7 /* Debug */,
				A1A0885628676F62003295C7 /* Release */,
			);
			defaultConfigurationIsVisible = 0;
			defaultConfigurationName = Release;
		};
		A1A0885728676F62003295C7 /* Build configuration list for PBXNativeTarget "AnimeDiveUITests" */ = {
			isa = XCConfigurationList;
			buildConfigurations = (
				A1A0885828676F62003295C7 /* Debug */,
				A1A0885928676F62003295C7 /* Release */,
			);
			defaultConfigurationIsVisible = 0;
			defaultConfigurationName = Release;
		};
/* End XCConfigurationList section */
	};
	rootObject = A1A0881F28676F5F003295C7 /* Project object */;
}
